
Microsoft Visual Studio Solution File, Format Version 12.00
# Visual Studio Version 17
VisualStudioVersion = 17.5.002.0
MinimumVisualStudioVersion = 10.0.40219.1
Project("{9A19103F-16F7-4668-BE54-9A1E7A4F7556}") = "DebuggingAndExceptionHandling", "DebuggingAndExceptionHandling.csproj", "{F78E349F-99E2-4CFB-8324-6C75544AD1EB}"
EndProject
Global
	GlobalSection(SolutionConfigurationPlatforms) = preSolution
		Debug|Any CPU = Debug|Any CPU
		Release|Any CPU = Release|Any CPU
	EndGlobalSection
	GlobalSection(ProjectConfigurationPlatforms) = postSolution
		{F78E349F-99E2-4CFB-8324-6C75544AD1EB}.Debug|Any CPU.ActiveCfg = Debug|Any CPU
		{F78E349F-99E2-4CFB-8324-6C75544AD1EB}.Debug|Any CPU.Build.0 = Debug|Any CPU
		{F78E349F-99E2-4CFB-8324-6C75544AD1EB}.Release|Any CPU.ActiveCfg = Release|Any CPU
		{F78E349F-99E2-4CFB-8324-6C75544AD1EB}.Release|Any CPU.Build.0 = Release|Any CPU
	EndGlobalSection
	GlobalSection(SolutionProperties) = preSolution
		HideSolutionNode = FALSE
	EndGlobalSection
	GlobalSection(ExtensibilityGlobals) = postSolution
		SolutionGuid = {F4A7EDFB-23CF-4769-8354-622BA7504F9F}
	EndGlobalSection
EndGlobal
