
Microsoft Visual Studio Solution File, Format Version 12.00
# Visual Studio Version 17
VisualStudioVersion = 17.5.002.0
MinimumVisualStudioVersion = 10.0.40219.1
Project("{9A19103F-16F7-4668-BE54-9A1E7A4F7556}") = "AlphanumericData", "AlphanumericData.csproj", "{516DE09D-A4BF-45A8-8282-7FD911A00CBA}"
EndProject
Global
	GlobalSection(SolutionConfigurationPlatforms) = preSolution
		Debug|Any CPU = Debug|Any CPU
		Release|Any CPU = Release|Any CPU
	EndGlobalSection
	GlobalSection(ProjectConfigurationPlatforms) = postSolution
		{516DE09D-A4BF-45A8-8282-7FD911A00CBA}.Debug|Any CPU.ActiveCfg = Debug|Any CPU
		{516DE09D-A4BF-45A8-8282-7FD911A00CBA}.Debug|Any CPU.Build.0 = Debug|Any CPU
		{516DE09D-A4BF-45A8-8282-7FD911A00CBA}.Release|Any CPU.ActiveCfg = Release|Any CPU
		{516DE09D-A4BF-45A8-8282-7FD911A00CBA}.Release|Any CPU.Build.0 = Release|Any CPU
	EndGlobalSection
	GlobalSection(SolutionProperties) = preSolution
		HideSolutionNode = FALSE
	EndGlobalSection
	GlobalSection(ExtensibilityGlobals) = postSolution
		SolutionGuid = {CE04E6E4-5168-49F9-8EDA-8C01991ACDF1}
	EndGlobalSection
EndGlobal
