
Microsoft Visual Studio Solution File, Format Version 12.00
# Visual Studio Version 17
VisualStudioVersion = 17.5.002.0
MinimumVisualStudioVersion = 10.0.40219.1
Project("{9A19103F-16F7-4668-BE54-9A1E7A4F7556}") = "FirstMethod", "FirstMethod.csproj", "{B700CDBF-3543-489A-89A6-2237A83FF357}"
EndProject
Global
	GlobalSection(SolutionConfigurationPlatforms) = preSolution
		Debug|Any CPU = Debug|Any CPU
		Release|Any CPU = Release|Any CPU
	EndGlobalSection
	GlobalSection(ProjectConfigurationPlatforms) = postSolution
		{B700CDBF-3543-489A-89A6-2237A83FF357}.Debug|Any CPU.ActiveCfg = Debug|Any CPU
		{B700CDBF-3543-489A-89A6-2237A83FF357}.Debug|Any CPU.Build.0 = Debug|Any CPU
		{B700CDBF-3543-489A-89A6-2237A83FF357}.Release|Any CPU.ActiveCfg = Release|Any CPU
		{B700CDBF-3543-489A-89A6-2237A83FF357}.Release|Any CPU.Build.0 = Release|Any CPU
	EndGlobalSection
	GlobalSection(SolutionProperties) = preSolution
		HideSolutionNode = FALSE
	EndGlobalSection
	GlobalSection(ExtensibilityGlobals) = postSolution
		SolutionGuid = {4C75678C-AF53-457A-BDDD-D5594FC905B5}
	EndGlobalSection
EndGlobal
