
Microsoft Visual Studio Solution File, Format Version 12.00
# Visual Studio Version 17
VisualStudioVersion = 17.5.002.0
MinimumVisualStudioVersion = 10.0.40219.1
Project("{9A19103F-16F7-4668-BE54-9A1E7A4F7556}") = "ForStatement", "ForStatement.csproj", "{C8281195-37B4-44D4-8AFB-4C88EC09669C}"
EndProject
Global
	GlobalSection(SolutionConfigurationPlatforms) = preSolution
		Debug|Any CPU = Debug|Any CPU
		Release|Any CPU = Release|Any CPU
	EndGlobalSection
	GlobalSection(ProjectConfigurationPlatforms) = postSolution
		{C8281195-37B4-44D4-8AFB-4C88EC09669C}.Debug|Any CPU.ActiveCfg = Debug|Any CPU
		{C8281195-37B4-44D4-8AFB-4C88EC09669C}.Debug|Any CPU.Build.0 = Debug|Any CPU
		{C8281195-37B4-44D4-8AFB-4C88EC09669C}.Release|Any CPU.ActiveCfg = Release|Any CPU
		{C8281195-37B4-44D4-8AFB-4C88EC09669C}.Release|Any CPU.Build.0 = Release|Any CPU
	EndGlobalSection
	GlobalSection(SolutionProperties) = preSolution
		HideSolutionNode = FALSE
	EndGlobalSection
	GlobalSection(ExtensibilityGlobals) = postSolution
		SolutionGuid = {29910FDC-FD6B-4643-AA85-4C51D80F60E4}
	EndGlobalSection
EndGlobal
